
Microsoft Visual Studio Solution File, Format Version 12.00
# Visual Studio 15
VisualStudioVersion = 15.0.28010.2019
MinimumVisualStudioVersion = 10.0.40219.1
Project("{FAE04EC0-301F-11D3-BF4B-00C04F79EFBC}") = "App.core.trans.Android", "App.core.trans\App.core.trans.Android\App.core.trans.Android.csproj", "{E6412587-A3A5-4D71-ACBC-48EA6856E7E0}"
EndProject
Project("{9A19103F-16F7-4668-BE54-9A1E7A4F7556}") = "App.core.trans", "App.core.trans\App.core.trans\App.core.trans.csproj", "{4333D324-0C05-4922-9392-78F158533966}"
EndProject
Global
	GlobalSection(SolutionConfigurationPlatforms) = preSolution
		Ad-Hoc|Any CPU = Ad-Hoc|Any CPU
		Ad-Hoc|iPhone = Ad-Hoc|iPhone
		Ad-Hoc|iPhoneSimulator = Ad-Hoc|iPhoneSimulator
		AppStore|Any CPU = AppStore|Any CPU
		AppStore|iPhone = AppStore|iPhone
		AppStore|iPhoneSimulator = AppStore|iPhoneSimulator
		Debug|Any CPU = Debug|Any CPU
		Debug|iPhone = Debug|iPhone
		Debug|iPhoneSimulator = Debug|iPhoneSimulator
		Release|Any CPU = Release|Any CPU
		Release|iPhone = Release|iPhone
		Release|iPhoneSimulator = Release|iPhoneSimulator
	EndGlobalSection
	GlobalSection(ProjectConfigurationPlatforms) = postSolution
		{E6412587-A3A5-4D71-ACBC-48EA6856E7E0}.Ad-Hoc|Any CPU.ActiveCfg = Release|Any CPU
		{E6412587-A3A5-4D71-ACBC-48EA6856E7E0}.Ad-Hoc|Any CPU.Build.0 = Release|Any CPU
		{E6412587-A3A5-4D71-ACBC-48EA6856E7E0}.Ad-Hoc|Any CPU.Deploy.0 = Release|Any CPU
		{E6412587-A3A5-4D71-ACBC-48EA6856E7E0}.Ad-Hoc|iPhone.ActiveCfg = Release|Any CPU
		{E6412587-A3A5-4D71-ACBC-48EA6856E7E0}.Ad-Hoc|iPhone.Build.0 = Release|Any CPU
		{E6412587-A3A5-4D71-ACBC-48EA6856E7E0}.Ad-Hoc|iPhone.Deploy.0 = Release|Any CPU
		{E6412587-A3A5-4D71-ACBC-48EA6856E7E0}.Ad-Hoc|iPhoneSimulator.ActiveCfg = Release|Any CPU
		{E6412587-A3A5-4D71-ACBC-48EA6856E7E0}.Ad-Hoc|iPhoneSimulator.Build.0 = Release|Any CPU
		{E6412587-A3A5-4D71-ACBC-48EA6856E7E0}.Ad-Hoc|iPhoneSimulator.Deploy.0 = Release|Any CPU
		{E6412587-A3A5-4D71-ACBC-48EA6856E7E0}.AppStore|Any CPU.ActiveCfg = Release|Any CPU
		{E6412587-A3A5-4D71-ACBC-48EA6856E7E0}.AppStore|Any CPU.Build.0 = Release|Any CPU
		{E6412587-A3A5-4D71-ACBC-48EA6856E7E0}.AppStore|Any CPU.Deploy.0 = Release|Any CPU
		{E6412587-A3A5-4D71-ACBC-48EA6856E7E0}.AppStore|iPhone.ActiveCfg = Release|Any CPU
		{E6412587-A3A5-4D71-ACBC-48EA6856E7E0}.AppStore|iPhone.Build.0 = Release|Any CPU
		{E6412587-A3A5-4D71-ACBC-48EA6856E7E0}.AppStore|iPhone.Deploy.0 = Release|Any CPU
		{E6412587-A3A5-4D71-ACBC-48EA6856E7E0}.AppStore|iPhoneSimulator.ActiveCfg = Release|Any CPU
		{E6412587-A3A5-4D71-ACBC-48EA6856E7E0}.AppStore|iPhoneSimulator.Build.0 = Release|Any CPU
		{E6412587-A3A5-4D71-ACBC-48EA6856E7E0}.AppStore|iPhoneSimulator.Deploy.0 = Release|Any CPU
		{E6412587-A3A5-4D71-ACBC-48EA6856E7E0}.Debug|Any CPU.ActiveCfg = Debug|Any CPU
		{E6412587-A3A5-4D71-ACBC-48EA6856E7E0}.Debug|Any CPU.Build.0 = Debug|Any CPU
		{E6412587-A3A5-4D71-ACBC-48EA6856E7E0}.Debug|Any CPU.Deploy.0 = Debug|Any CPU
		{E6412587-A3A5-4D71-ACBC-48EA6856E7E0}.Debug|iPhone.ActiveCfg = Debug|Any CPU
		{E6412587-A3A5-4D71-ACBC-48EA6856E7E0}.Debug|iPhone.Build.0 = Debug|Any CPU
		{E6412587-A3A5-4D71-ACBC-48EA6856E7E0}.Debug|iPhone.Deploy.0 = Debug|Any CPU
		{E6412587-A3A5-4D71-ACBC-48EA6856E7E0}.Debug|iPhoneSimulator.ActiveCfg = Debug|Any CPU
		{E6412587-A3A5-4D71-ACBC-48EA6856E7E0}.Debug|iPhoneSimulator.Build.0 = Debug|Any CPU
		{E6412587-A3A5-4D71-ACBC-48EA6856E7E0}.Debug|iPhoneSimulator.Deploy.0 = Debug|Any CPU
		{E6412587-A3A5-4D71-ACBC-48EA6856E7E0}.Release|Any CPU.ActiveCfg = Release|Any CPU
		{E6412587-A3A5-4D71-ACBC-48EA6856E7E0}.Release|Any CPU.Build.0 = Release|Any CPU
		{E6412587-A3A5-4D71-ACBC-48EA6856E7E0}.Release|Any CPU.Deploy.0 = Release|Any CPU
		{E6412587-A3A5-4D71-ACBC-48EA6856E7E0}.Release|iPhone.ActiveCfg = Release|Any CPU
		{E6412587-A3A5-4D71-ACBC-48EA6856E7E0}.Release|iPhone.Build.0 = Release|Any CPU
		{E6412587-A3A5-4D71-ACBC-48EA6856E7E0}.Release|iPhone.Deploy.0 = Release|Any CPU
		{E6412587-A3A5-4D71-ACBC-48EA6856E7E0}.Release|iPhoneSimulator.ActiveCfg = Release|Any CPU
		{E6412587-A3A5-4D71-ACBC-48EA6856E7E0}.Release|iPhoneSimulator.Build.0 = Release|Any CPU
		{E6412587-A3A5-4D71-ACBC-48EA6856E7E0}.Release|iPhoneSimulator.Deploy.0 = Release|Any CPU
		{4333D324-0C05-4922-9392-78F158533966}.Ad-Hoc|Any CPU.ActiveCfg = Debug|Any CPU
		{4333D324-0C05-4922-9392-78F158533966}.Ad-Hoc|Any CPU.Build.0 = Debug|Any CPU
		{4333D324-0C05-4922-9392-78F158533966}.Ad-Hoc|Any CPU.Deploy.0 = Debug|Any CPU
		{4333D324-0C05-4922-9392-78F158533966}.Ad-Hoc|iPhone.ActiveCfg = Debug|Any CPU
		{4333D324-0C05-4922-9392-78F158533966}.Ad-Hoc|iPhone.Build.0 = Debug|Any CPU
		{4333D324-0C05-4922-9392-78F158533966}.Ad-Hoc|iPhone.Deploy.0 = Debug|Any CPU
		{4333D324-0C05-4922-9392-78F158533966}.Ad-Hoc|iPhoneSimulator.ActiveCfg = Debug|Any CPU
		{4333D324-0C05-4922-9392-78F158533966}.Ad-Hoc|iPhoneSimulator.Build.0 = Debug|Any CPU
		{4333D324-0C05-4922-9392-78F158533966}.Ad-Hoc|iPhoneSimulator.Deploy.0 = Debug|Any CPU
		{4333D324-0C05-4922-9392-78F158533966}.AppStore|Any CPU.ActiveCfg = Debug|Any CPU
		{4333D324-0C05-4922-9392-78F158533966}.AppStore|Any CPU.Build.0 = Debug|Any CPU
		{4333D324-0C05-4922-9392-78F158533966}.AppStore|Any CPU.Deploy.0 = Debug|Any CPU
		{4333D324-0C05-4922-9392-78F158533966}.AppStore|iPhone.ActiveCfg = Debug|Any CPU
		{4333D324-0C05-4922-9392-78F158533966}.AppStore|iPhone.Build.0 = Debug|Any CPU
		{4333D324-0C05-4922-9392-78F158533966}.AppStore|iPhone.Deploy.0 = Debug|Any CPU
		{4333D324-0C05-4922-9392-78F158533966}.AppStore|iPhoneSimulator.ActiveCfg = Debug|Any CPU
		{4333D324-0C05-4922-9392-78F158533966}.AppStore|iPhoneSimulator.Build.0 = Debug|Any CPU
		{4333D324-0C05-4922-9392-78F158533966}.AppStore|iPhoneSimulator.Deploy.0 = Debug|Any CPU
		{4333D324-0C05-4922-9392-78F158533966}.Debug|Any CPU.ActiveCfg = Debug|Any CPU
		{4333D324-0C05-4922-9392-78F158533966}.Debug|Any CPU.Build.0 = Debug|Any CPU
		{4333D324-0C05-4922-9392-78F158533966}.Debug|Any CPU.Deploy.0 = Debug|Any CPU
		{4333D324-0C05-4922-9392-78F158533966}.Debug|iPhone.ActiveCfg = Debug|Any CPU
		{4333D324-0C05-4922-9392-78F158533966}.Debug|iPhone.Build.0 = Debug|Any CPU
		{4333D324-0C05-4922-9392-78F158533966}.Debug|iPhone.Deploy.0 = Debug|Any CPU
		{4333D324-0C05-4922-9392-78F158533966}.Debug|iPhoneSimulator.ActiveCfg = Debug|Any CPU
		{4333D324-0C05-4922-9392-78F158533966}.Debug|iPhoneSimulator.Build.0 = Debug|Any CPU
		{4333D324-0C05-4922-9392-78F158533966}.Debug|iPhoneSimulator.Deploy.0 = Debug|Any CPU
		{4333D324-0C05-4922-9392-78F158533966}.Release|Any CPU.ActiveCfg = Release|Any CPU
		{4333D324-0C05-4922-9392-78F158533966}.Release|Any CPU.Build.0 = Release|Any CPU
		{4333D324-0C05-4922-9392-78F158533966}.Release|Any CPU.Deploy.0 = Release|Any CPU
		{4333D324-0C05-4922-9392-78F158533966}.Release|iPhone.ActiveCfg = Release|Any CPU
		{4333D324-0C05-4922-9392-78F158533966}.Release|iPhone.Build.0 = Release|Any CPU
		{4333D324-0C05-4922-9392-78F158533966}.Release|iPhone.Deploy.0 = Release|Any CPU
		{4333D324-0C05-4922-9392-78F158533966}.Release|iPhoneSimulator.ActiveCfg = Release|Any CPU
		{4333D324-0C05-4922-9392-78F158533966}.Release|iPhoneSimulator.Build.0 = Release|Any CPU
		{4333D324-0C05-4922-9392-78F158533966}.Release|iPhoneSimulator.Deploy.0 = Release|Any CPU
	EndGlobalSection
	GlobalSection(SolutionProperties) = preSolution
		HideSolutionNode = FALSE
	EndGlobalSection
	GlobalSection(ExtensibilityGlobals) = postSolution
		SolutionGuid = {C2E418EB-F93F-47C4-A24A-625A8FB9969B}
	EndGlobalSection
EndGlobal
